
Microsoft Visual Studio Solution File, Format Version 12.00
# Visual Studio 2013
VisualStudioVersion = 12.0.31101.0
MinimumVisualStudioVersion = 10.0.40219.1
Project("{8BC9CEB8-8B4A-11D0-8D11-00A0C91BC942}") = "VMultiplayer", "VMultiplayer\VMultiplayer.vcxproj", "{49E8D6C0-9FEC-4B29-95C5-FB9433B1A386}"
	ProjectSection(ProjectDependencies) = postProject
		{F142A341-5EE0-442D-A15F-98AE9B48DBAE} = {F142A341-5EE0-442D-A15F-98AE9B48DBAE}
	EndProjectSection
EndProject
Project("{2150E333-8FDC-42A3-9474-1A3956D46DE8}") = "Client", "Client", "{7E34B870-9804-482A-A9B8-6D374996AE15}"
EndProject
Project("{8BC9CEB8-8B4A-11D0-8D11-00A0C91BC942}") = "Launcher", "Launcher\Launcher.vcxproj", "{A62553F0-D0CC-4CB6-AAA9-C743DC507527}"
EndProject
Project("{8BC9CEB8-8B4A-11D0-8D11-00A0C91BC942}") = "LaunchHelper", "LaunchHelper\LaunchHelper.vcxproj", "{63E2397A-B4F8-46FD-A98D-89B32D569283}"
	ProjectSection(ProjectDependencies) = postProject
		{F142A341-5EE0-442D-A15F-98AE9B48DBAE} = {F142A341-5EE0-442D-A15F-98AE9B48DBAE}
		{D1C528B6-AA02-4D29-9D61-DC08E317A70D} = {D1C528B6-AA02-4D29-9D61-DC08E317A70D}
	EndProjectSection
EndProject
Project("{2150E333-8FDC-42A3-9474-1A3956D46DE8}") = "Dependencies", "Dependencies", "{1D4444A1-EA9B-489F-99EB-B59FFE7467A5}"
EndProject
Project("{8BC9CEB8-8B4A-11D0-8D11-00A0C91BC942}") = "MinHook", "Vendor\MinHook\build\VC12\libMinHook.vcxproj", "{F142A341-5EE0-442D-A15F-98AE9B48DBAE}"
EndProject
Project("{2150E333-8FDC-42A3-9474-1A3956D46DE8}") = "GUI", "GUI", "{158EC9F2-9BFC-4D4D-AD57-2B5CCE472452}"
EndProject
Project("{8BC9CEB8-8B4A-11D0-8D11-00A0C91BC942}") = "GUI", "GUI\GUI.vcxproj", "{937CB5B7-AD6B-42EA-B530-0653C02B3EBE}"
	ProjectSection(ProjectDependencies) = postProject
		{7E724A4B-2530-461F-AE75-D74F84900B3D} = {7E724A4B-2530-461F-AE75-D74F84900B3D}
		{A6E3D774-C495-4A2B-AAC4-86E9CADEFE8C} = {A6E3D774-C495-4A2B-AAC4-86E9CADEFE8C}
	EndProjectSection
EndProject
Project("{2150E333-8FDC-42A3-9474-1A3956D46DE8}") = "Network", "Network", "{C516A0FA-FB36-461F-BDFF-A32B3B23D39C}"
EndProject
Project("{2150E333-8FDC-42A3-9474-1A3956D46DE8}") = "Server", "Server", "{E406463A-6C4C-4A5A-8A0E-39D69BF8724C}"
EndProject
Project("{8BC9CEB8-8B4A-11D0-8D11-00A0C91BC942}") = "MyGUIEngine", "Vendor\MyGUI\Build\MyGUIEngine\MyGUIEngine.vcxproj", "{A6E3D774-C495-4A2B-AAC4-86E9CADEFE8C}"
EndProject
Project("{8BC9CEB8-8B4A-11D0-8D11-00A0C91BC942}") = "MyGUI.DirectX11Platform", "Vendor\MyGUI\Build\Platforms\DirectX11\DirectX11Platform\MyGUI.DirectX11Platform.vcxproj", "{7E724A4B-2530-461F-AE75-D74F84900B3D}"
EndProject
Project("{8BC9CEB8-8B4A-11D0-8D11-00A0C91BC942}") = "TinyXML2", "Vendor\TinyXML2\tinyxml2.vcxproj", "{D1C528B6-AA02-4D29-9D61-DC08E317A70D}"
EndProject
Project("{8BC9CEB8-8B4A-11D0-8D11-00A0C91BC942}") = "Server", "Server\Server.vcxproj", "{2FC2D518-4656-4AB0-9C0B-FC420BA4AFCA}"
EndProject
Project("{8BC9CEB8-8B4A-11D0-8D11-00A0C91BC942}") = "Network", "Network\Network.vcxproj", "{2BB102C3-0762-42EA-89EA-D920B9CDCD03}"
	ProjectSection(ProjectDependencies) = postProject
		{143F9B67-C223-4F2D-B8F9-B644CA710CA6} = {143F9B67-C223-4F2D-B8F9-B644CA710CA6}
	EndProjectSection
EndProject
Project("{8BC9CEB8-8B4A-11D0-8D11-00A0C91BC942}") = "RakNet", "Vendor\RakNet\RakNet.vcxproj", "{143F9B67-C223-4F2D-B8F9-B644CA710CA6}"
EndProject
Global
	GlobalSection(SolutionConfigurationPlatforms) = preSolution
		Debug|Mixed Platforms = Debug|Mixed Platforms
		Debug|Win32 = Debug|Win32
		Debug|x64 = Debug|x64
		Debug|x64 platforms = Debug|x64 platforms
		Debug-Dll|Mixed Platforms = Debug-Dll|Mixed Platforms
		Debug-Dll|Win32 = Debug-Dll|Win32
		Debug-Dll|x64 = Debug-Dll|x64
		Debug-Dll|x64 platforms = Debug-Dll|x64 platforms
		Debug-Lib|Mixed Platforms = Debug-Lib|Mixed Platforms
		Debug-Lib|Win32 = Debug-Lib|Win32
		Debug-Lib|x64 = Debug-Lib|x64
		Debug-Lib|x64 platforms = Debug-Lib|x64 platforms
		MinSizeRel|Mixed Platforms = MinSizeRel|Mixed Platforms
		MinSizeRel|Win32 = MinSizeRel|Win32
		MinSizeRel|x64 = MinSizeRel|x64
		MinSizeRel|x64 platforms = MinSizeRel|x64 platforms
		Release|Mixed Platforms = Release|Mixed Platforms
		Release|Win32 = Release|Win32
		Release|x64 = Release|x64
		Release|x64 platforms = Release|x64 platforms
		Release-Dll|Mixed Platforms = Release-Dll|Mixed Platforms
		Release-Dll|Win32 = Release-Dll|Win32
		Release-Dll|x64 = Release-Dll|x64
		Release-Dll|x64 platforms = Release-Dll|x64 platforms
		Release-Lib|Mixed Platforms = Release-Lib|Mixed Platforms
		Release-Lib|Win32 = Release-Lib|Win32
		Release-Lib|x64 = Release-Lib|x64
		Release-Lib|x64 platforms = Release-Lib|x64 platforms
		RelWithDebInfo|Mixed Platforms = RelWithDebInfo|Mixed Platforms
		RelWithDebInfo|Win32 = RelWithDebInfo|Win32
		RelWithDebInfo|x64 = RelWithDebInfo|x64
		RelWithDebInfo|x64 platforms = RelWithDebInfo|x64 platforms
	EndGlobalSection
	GlobalSection(ProjectConfigurationPlatforms) = postSolution
		{49E8D6C0-9FEC-4B29-95C5-FB9433B1A386}.Debug|Mixed Platforms.ActiveCfg = Debug|Win32
		{49E8D6C0-9FEC-4B29-95C5-FB9433B1A386}.Debug|Mixed Platforms.Build.0 = Debug|Win32
		{49E8D6C0-9FEC-4B29-95C5-FB9433B1A386}.Debug|Win32.ActiveCfg = Debug|Win32
		{49E8D6C0-9FEC-4B29-95C5-FB9433B1A386}.Debug|x64.ActiveCfg = Debug|x64
		{49E8D6C0-9FEC-4B29-95C5-FB9433B1A386}.Debug|x64.Build.0 = Debug|x64
		{49E8D6C0-9FEC-4B29-95C5-FB9433B1A386}.Debug|x64 platforms.ActiveCfg = Debug|x64
		{49E8D6C0-9FEC-4B29-95C5-FB9433B1A386}.Debug|x64 platforms.Build.0 = Debug|x64
		{49E8D6C0-9FEC-4B29-95C5-FB9433B1A386}.Debug-Dll|Mixed Platforms.ActiveCfg = Debug|Win32
		{49E8D6C0-9FEC-4B29-95C5-FB9433B1A386}.Debug-Dll|Mixed Platforms.Build.0 = Debug|Win32
		{49E8D6C0-9FEC-4B29-95C5-FB9433B1A386}.Debug-Dll|Win32.ActiveCfg = Debug|Win32
		{49E8D6C0-9FEC-4B29-95C5-FB9433B1A386}.Debug-Dll|Win32.Build.0 = Debug|Win32
		{49E8D6C0-9FEC-4B29-95C5-FB9433B1A386}.Debug-Dll|x64.ActiveCfg = Debug|x64
		{49E8D6C0-9FEC-4B29-95C5-FB9433B1A386}.Debug-Dll|x64.Build.0 = Debug|x64
		{49E8D6C0-9FEC-4B29-95C5-FB9433B1A386}.Debug-Dll|x64 platforms.ActiveCfg = Debug|Win32
		{49E8D6C0-9FEC-4B29-95C5-FB9433B1A386}.Debug-Lib|Mixed Platforms.ActiveCfg = Debug|Win32
		{49E8D6C0-9FEC-4B29-95C5-FB9433B1A386}.Debug-Lib|Mixed Platforms.Build.0 = Debug|Win32
		{49E8D6C0-9FEC-4B29-95C5-FB9433B1A386}.Debug-Lib|Win32.ActiveCfg = Debug|Win32
		{49E8D6C0-9FEC-4B29-95C5-FB9433B1A386}.Debug-Lib|Win32.Build.0 = Debug|Win32
		{49E8D6C0-9FEC-4B29-95C5-FB9433B1A386}.Debug-Lib|x64.ActiveCfg = Debug|x64
		{49E8D6C0-9FEC-4B29-95C5-FB9433B1A386}.Debug-Lib|x64.Build.0 = Debug|x64
		{49E8D6C0-9FEC-4B29-95C5-FB9433B1A386}.Debug-Lib|x64 platforms.ActiveCfg = Debug|Win32
		{49E8D6C0-9FEC-4B29-95C5-FB9433B1A386}.MinSizeRel|Mixed Platforms.ActiveCfg = Release|Win32
		{49E8D6C0-9FEC-4B29-95C5-FB9433B1A386}.MinSizeRel|Mixed Platforms.Build.0 = Release|Win32
		{49E8D6C0-9FEC-4B29-95C5-FB9433B1A386}.MinSizeRel|Win32.ActiveCfg = Release|Win32
		{49E8D6C0-9FEC-4B29-95C5-FB9433B1A386}.MinSizeRel|Win32.Build.0 = Release|Win32
		{49E8D6C0-9FEC-4B29-95C5-FB9433B1A386}.MinSizeRel|x64.ActiveCfg = Release|x64
		{49E8D6C0-9FEC-4B29-95C5-FB9433B1A386}.MinSizeRel|x64.Build.0 = Release|x64
		{49E8D6C0-9FEC-4B29-95C5-FB9433B1A386}.MinSizeRel|x64 platforms.ActiveCfg = Release|Win32
		{49E8D6C0-9FEC-4B29-95C5-FB9433B1A386}.Release|Mixed Platforms.ActiveCfg = Release|Win32
		{49E8D6C0-9FEC-4B29-95C5-FB9433B1A386}.Release|Mixed Platforms.Build.0 = Release|Win32
		{49E8D6C0-9FEC-4B29-95C5-FB9433B1A386}.Release|Win32.ActiveCfg = Release|x64
		{49E8D6C0-9FEC-4B29-95C5-FB9433B1A386}.Release|x64.ActiveCfg = Release|x64
		{49E8D6C0-9FEC-4B29-95C5-FB9433B1A386}.Release|x64.Build.0 = Release|x64
		{49E8D6C0-9FEC-4B29-95C5-FB9433B1A386}.Release|x64 platforms.ActiveCfg = Release|x64
		{49E8D6C0-9FEC-4B29-95C5-FB9433B1A386}.Release|x64 platforms.Build.0 = Release|x64
		{49E8D6C0-9FEC-4B29-95C5-FB9433B1A386}.Release-Dll|Mixed Platforms.ActiveCfg = Release|Win32
		{49E8D6C0-9FEC-4B29-95C5-FB9433B1A386}.Release-Dll|Mixed Platforms.Build.0 = Release|Win32
		{49E8D6C0-9FEC-4B29-95C5-FB9433B1A386}.Release-Dll|Win32.ActiveCfg = Release|Win32
		{49E8D6C0-9FEC-4B29-95C5-FB9433B1A386}.Release-Dll|Win32.Build.0 = Release|Win32
		{49E8D6C0-9FEC-4B29-95C5-FB9433B1A386}.Release-Dll|x64.ActiveCfg = Release|x64
		{49E8D6C0-9FEC-4B29-95C5-FB9433B1A386}.Release-Dll|x64.Build.0 = Release|x64
		{49E8D6C0-9FEC-4B29-95C5-FB9433B1A386}.Release-Dll|x64 platforms.ActiveCfg = Release|Win32
		{49E8D6C0-9FEC-4B29-95C5-FB9433B1A386}.Release-Lib|Mixed Platforms.ActiveCfg = Release|Win32
		{49E8D6C0-9FEC-4B29-95C5-FB9433B1A386}.Release-Lib|Mixed Platforms.Build.0 = Release|Win32
		{49E8D6C0-9FEC-4B29-95C5-FB9433B1A386}.Release-Lib|Win32.ActiveCfg = Release|Win32
		{49E8D6C0-9FEC-4B29-95C5-FB9433B1A386}.Release-Lib|Win32.Build.0 = Release|Win32
		{49E8D6C0-9FEC-4B29-95C5-FB9433B1A386}.Release-Lib|x64.ActiveCfg = Release|x64
		{49E8D6C0-9FEC-4B29-95C5-FB9433B1A386}.Release-Lib|x64.Build.0 = Release|x64
		{49E8D6C0-9FEC-4B29-95C5-FB9433B1A386}.Release-Lib|x64 platforms.ActiveCfg = Release|Win32
		{49E8D6C0-9FEC-4B29-95C5-FB9433B1A386}.RelWithDebInfo|Mixed Platforms.ActiveCfg = Release|Win32
		{49E8D6C0-9FEC-4B29-95C5-FB9433B1A386}.RelWithDebInfo|Mixed Platforms.Build.0 = Release|Win32
		{49E8D6C0-9FEC-4B29-95C5-FB9433B1A386}.RelWithDebInfo|Win32.ActiveCfg = Release|Win32
		{49E8D6C0-9FEC-4B29-95C5-FB9433B1A386}.RelWithDebInfo|Win32.Build.0 = Release|Win32
		{49E8D6C0-9FEC-4B29-95C5-FB9433B1A386}.RelWithDebInfo|x64.ActiveCfg = Release|x64
		{49E8D6C0-9FEC-4B29-95C5-FB9433B1A386}.RelWithDebInfo|x64.Build.0 = Release|x64
		{49E8D6C0-9FEC-4B29-95C5-FB9433B1A386}.RelWithDebInfo|x64 platforms.ActiveCfg = Release|Win32
		{A62553F0-D0CC-4CB6-AAA9-C743DC507527}.Debug|Mixed Platforms.ActiveCfg = Debug|Win32
		{A62553F0-D0CC-4CB6-AAA9-C743DC507527}.Debug|Mixed Platforms.Build.0 = Debug|Win32
		{A62553F0-D0CC-4CB6-AAA9-C743DC507527}.Debug|Win32.ActiveCfg = Debug|Win32
		{A62553F0-D0CC-4CB6-AAA9-C743DC507527}.Debug|x64.ActiveCfg = Debug|x64
		{A62553F0-D0CC-4CB6-AAA9-C743DC507527}.Debug|x64.Build.0 = Debug|x64
		{A62553F0-D0CC-4CB6-AAA9-C743DC507527}.Debug|x64 platforms.ActiveCfg = Debug|x64
		{A62553F0-D0CC-4CB6-AAA9-C743DC507527}.Debug|x64 platforms.Build.0 = Debug|x64
		{A62553F0-D0CC-4CB6-AAA9-C743DC507527}.Debug-Dll|Mixed Platforms.ActiveCfg = Debug|Win32
		{A62553F0-D0CC-4CB6-AAA9-C743DC507527}.Debug-Dll|Mixed Platforms.Build.0 = Debug|Win32
		{A62553F0-D0CC-4CB6-AAA9-C743DC507527}.Debug-Dll|Win32.ActiveCfg = Debug|Win32
		{A62553F0-D0CC-4CB6-AAA9-C743DC507527}.Debug-Dll|Win32.Build.0 = Debug|Win32
		{A62553F0-D0CC-4CB6-AAA9-C743DC507527}.Debug-Dll|x64.ActiveCfg = Debug|x64
		{A62553F0-D0CC-4CB6-AAA9-C743DC507527}.Debug-Dll|x64.Build.0 = Debug|x64
		{A62553F0-D0CC-4CB6-AAA9-C743DC507527}.Debug-Dll|x64 platforms.ActiveCfg = Debug|Win32
		{A62553F0-D0CC-4CB6-AAA9-C743DC507527}.Debug-Lib|Mixed Platforms.ActiveCfg = Debug|Win32
		{A62553F0-D0CC-4CB6-AAA9-C743DC507527}.Debug-Lib|Mixed Platforms.Build.0 = Debug|Win32
		{A62553F0-D0CC-4CB6-AAA9-C743DC507527}.Debug-Lib|Win32.ActiveCfg = Debug|Win32
		{A62553F0-D0CC-4CB6-AAA9-C743DC507527}.Debug-Lib|Win32.Build.0 = Debug|Win32
		{A62553F0-D0CC-4CB6-AAA9-C743DC507527}.Debug-Lib|x64.ActiveCfg = Debug|x64
		{A62553F0-D0CC-4CB6-AAA9-C743DC507527}.Debug-Lib|x64.Build.0 = Debug|x64
		{A62553F0-D0CC-4CB6-AAA9-C743DC507527}.Debug-Lib|x64 platforms.ActiveCfg = Debug|Win32
		{A62553F0-D0CC-4CB6-AAA9-C743DC507527}.MinSizeRel|Mixed Platforms.ActiveCfg = Release|Win32
		{A62553F0-D0CC-4CB6-AAA9-C743DC507527}.MinSizeRel|Mixed Platforms.Build.0 = Release|Win32
		{A62553F0-D0CC-4CB6-AAA9-C743DC507527}.MinSizeRel|Win32.ActiveCfg = Release|Win32
		{A62553F0-D0CC-4CB6-AAA9-C743DC507527}.MinSizeRel|Win32.Build.0 = Release|Win32
		{A62553F0-D0CC-4CB6-AAA9-C743DC507527}.MinSizeRel|x64.ActiveCfg = Release|x64
		{A62553F0-D0CC-4CB6-AAA9-C743DC507527}.MinSizeRel|x64.Build.0 = Release|x64
		{A62553F0-D0CC-4CB6-AAA9-C743DC507527}.MinSizeRel|x64 platforms.ActiveCfg = Release|Win32
		{A62553F0-D0CC-4CB6-AAA9-C743DC507527}.Release|Mixed Platforms.ActiveCfg = Release|x64
		{A62553F0-D0CC-4CB6-AAA9-C743DC507527}.Release|Mixed Platforms.Build.0 = Release|x64
		{A62553F0-D0CC-4CB6-AAA9-C743DC507527}.Release|Win32.ActiveCfg = Release|x64
		{A62553F0-D0CC-4CB6-AAA9-C743DC507527}.Release|x64.ActiveCfg = Release|x64
		{A62553F0-D0CC-4CB6-AAA9-C743DC507527}.Release|x64.Build.0 = Release|x64
		{A62553F0-D0CC-4CB6-AAA9-C743DC507527}.Release|x64 platforms.ActiveCfg = Release|x64
		{A62553F0-D0CC-4CB6-AAA9-C743DC507527}.Release|x64 platforms.Build.0 = Release|x64
		{A62553F0-D0CC-4CB6-AAA9-C743DC507527}.Release-Dll|Mixed Platforms.ActiveCfg = Release|Win32
		{A62553F0-D0CC-4CB6-AAA9-C743DC507527}.Release-Dll|Mixed Platforms.Build.0 = Release|Win32
		{A62553F0-D0CC-4CB6-AAA9-C743DC507527}.Release-Dll|Win32.ActiveCfg = Release|Win32
		{A62553F0-D0CC-4CB6-AAA9-C743DC507527}.Release-Dll|Win32.Build.0 = Release|Win32
		{A62553F0-D0CC-4CB6-AAA9-C743DC507527}.Release-Dll|x64.ActiveCfg = Release|x64
		{A62553F0-D0CC-4CB6-AAA9-C743DC507527}.Release-Dll|x64.Build.0 = Release|x64
		{A62553F0-D0CC-4CB6-AAA9-C743DC507527}.Release-Dll|x64 platforms.ActiveCfg = Release|Win32
		{A62553F0-D0CC-4CB6-AAA9-C743DC507527}.Release-Lib|Mixed Platforms.ActiveCfg = Release|Win32
		{A62553F0-D0CC-4CB6-AAA9-C743DC507527}.Release-Lib|Mixed Platforms.Build.0 = Release|Win32
		{A62553F0-D0CC-4CB6-AAA9-C743DC507527}.Release-Lib|Win32.ActiveCfg = Release|Win32
		{A62553F0-D0CC-4CB6-AAA9-C743DC507527}.Release-Lib|Win32.Build.0 = Release|Win32
		{A62553F0-D0CC-4CB6-AAA9-C743DC507527}.Release-Lib|x64.ActiveCfg = Release|x64
		{A62553F0-D0CC-4CB6-AAA9-C743DC507527}.Release-Lib|x64.Build.0 = Release|x64
		{A62553F0-D0CC-4CB6-AAA9-C743DC507527}.Release-Lib|x64 platforms.ActiveCfg = Release|Win32
		{A62553F0-D0CC-4CB6-AAA9-C743DC507527}.RelWithDebInfo|Mixed Platforms.ActiveCfg = Release|Win32
		{A62553F0-D0CC-4CB6-AAA9-C743DC507527}.RelWithDebInfo|Mixed Platforms.Build.0 = Release|Win32
		{A62553F0-D0CC-4CB6-AAA9-C743DC507527}.RelWithDebInfo|Win32.ActiveCfg = Release|Win32
		{A62553F0-D0CC-4CB6-AAA9-C743DC507527}.RelWithDebInfo|Win32.Build.0 = Release|Win32
		{A62553F0-D0CC-4CB6-AAA9-C743DC507527}.RelWithDebInfo|x64.ActiveCfg = Release|x64
		{A62553F0-D0CC-4CB6-AAA9-C743DC507527}.RelWithDebInfo|x64.Build.0 = Release|x64
		{A62553F0-D0CC-4CB6-AAA9-C743DC507527}.RelWithDebInfo|x64 platforms.ActiveCfg = Release|Win32
		{63E2397A-B4F8-46FD-A98D-89B32D569283}.Debug|Mixed Platforms.ActiveCfg = Debug|Win32
		{63E2397A-B4F8-46FD-A98D-89B32D569283}.Debug|Mixed Platforms.Build.0 = Debug|Win32
		{63E2397A-B4F8-46FD-A98D-89B32D569283}.Debug|Win32.ActiveCfg = Debug|Win32
		{63E2397A-B4F8-46FD-A98D-89B32D569283}.Debug|x64.ActiveCfg = Debug|x64
		{63E2397A-B4F8-46FD-A98D-89B32D569283}.Debug|x64.Build.0 = Debug|x64
		{63E2397A-B4F8-46FD-A98D-89B32D569283}.Debug|x64 platforms.ActiveCfg = Debug|Win32
		{63E2397A-B4F8-46FD-A98D-89B32D569283}.Debug-Dll|Mixed Platforms.ActiveCfg = Debug|Win32
		{63E2397A-B4F8-46FD-A98D-89B32D569283}.Debug-Dll|Mixed Platforms.Build.0 = Debug|Win32
		{63E2397A-B4F8-46FD-A98D-89B32D569283}.Debug-Dll|Win32.ActiveCfg = Debug|Win32
		{63E2397A-B4F8-46FD-A98D-89B32D569283}.Debug-Dll|Win32.Build.0 = Debug|Win32
		{63E2397A-B4F8-46FD-A98D-89B32D569283}.Debug-Dll|x64.ActiveCfg = Debug|x64
		{63E2397A-B4F8-46FD-A98D-89B32D569283}.Debug-Dll|x64.Build.0 = Debug|x64
		{63E2397A-B4F8-46FD-A98D-89B32D569283}.Debug-Dll|x64 platforms.ActiveCfg = Debug|Win32
		{63E2397A-B4F8-46FD-A98D-89B32D569283}.Debug-Lib|Mixed Platforms.ActiveCfg = Debug|Win32
		{63E2397A-B4F8-46FD-A98D-89B32D569283}.Debug-Lib|Mixed Platforms.Build.0 = Debug|Win32
		{63E2397A-B4F8-46FD-A98D-89B32D569283}.Debug-Lib|Win32.ActiveCfg = Debug|Win32
		{63E2397A-B4F8-46FD-A98D-89B32D569283}.Debug-Lib|Win32.Build.0 = Debug|Win32
		{63E2397A-B4F8-46FD-A98D-89B32D569283}.Debug-Lib|x64.ActiveCfg = Debug|x64
		{63E2397A-B4F8-46FD-A98D-89B32D569283}.Debug-Lib|x64.Build.0 = Debug|x64
		{63E2397A-B4F8-46FD-A98D-89B32D569283}.Debug-Lib|x64 platforms.ActiveCfg = Debug|Win32
		{63E2397A-B4F8-46FD-A98D-89B32D569283}.MinSizeRel|Mixed Platforms.ActiveCfg = Release|Win32
		{63E2397A-B4F8-46FD-A98D-89B32D569283}.MinSizeRel|Mixed Platforms.Build.0 = Release|Win32
		{63E2397A-B4F8-46FD-A98D-89B32D569283}.MinSizeRel|Win32.ActiveCfg = Release|Win32
		{63E2397A-B4F8-46FD-A98D-89B32D569283}.MinSizeRel|Win32.Build.0 = Release|Win32
		{63E2397A-B4F8-46FD-A98D-89B32D569283}.MinSizeRel|x64.ActiveCfg = Release|x64
		{63E2397A-B4F8-46FD-A98D-89B32D569283}.MinSizeRel|x64.Build.0 = Release|x64
		{63E2397A-B4F8-46FD-A98D-89B32D569283}.MinSizeRel|x64 platforms.ActiveCfg = Release|Win32
		{63E2397A-B4F8-46FD-A98D-89B32D569283}.Release|Mixed Platforms.ActiveCfg = Release|Win32
		{63E2397A-B4F8-46FD-A98D-89B32D569283}.Release|Mixed Platforms.Build.0 = Release|Win32
		{63E2397A-B4F8-46FD-A98D-89B32D569283}.Release|Win32.ActiveCfg = Release|x64
		{63E2397A-B4F8-46FD-A98D-89B32D569283}.Release|x64.ActiveCfg = Release|x64
		{63E2397A-B4F8-46FD-A98D-89B32D569283}.Release|x64.Build.0 = Release|x64
		{63E2397A-B4F8-46FD-A98D-89B32D569283}.Release|x64 platforms.ActiveCfg = Release|x64
		{63E2397A-B4F8-46FD-A98D-89B32D569283}.Release|x64 platforms.Build.0 = Release|x64
		{63E2397A-B4F8-46FD-A98D-89B32D569283}.Release-Dll|Mixed Platforms.ActiveCfg = Release|Win32
		{63E2397A-B4F8-46FD-A98D-89B32D569283}.Release-Dll|Mixed Platforms.Build.0 = Release|Win32
		{63E2397A-B4F8-46FD-A98D-89B32D569283}.Release-Dll|Win32.ActiveCfg = Release|Win32
		{63E2397A-B4F8-46FD-A98D-89B32D569283}.Release-Dll|Win32.Build.0 = Release|Win32
		{63E2397A-B4F8-46FD-A98D-89B32D569283}.Release-Dll|x64.ActiveCfg = Release|x64
		{63E2397A-B4F8-46FD-A98D-89B32D569283}.Release-Dll|x64.Build.0 = Release|x64
		{63E2397A-B4F8-46FD-A98D-89B32D569283}.Release-Dll|x64 platforms.ActiveCfg = Release|Win32
		{63E2397A-B4F8-46FD-A98D-89B32D569283}.Release-Lib|Mixed Platforms.ActiveCfg = Release|Win32
		{63E2397A-B4F8-46FD-A98D-89B32D569283}.Release-Lib|Mixed Platforms.Build.0 = Release|Win32
		{63E2397A-B4F8-46FD-A98D-89B32D569283}.Release-Lib|Win32.ActiveCfg = Release|Win32
		{63E2397A-B4F8-46FD-A98D-89B32D569283}.Release-Lib|Win32.Build.0 = Release|Win32
		{63E2397A-B4F8-46FD-A98D-89B32D569283}.Release-Lib|x64.ActiveCfg = Release|x64
		{63E2397A-B4F8-46FD-A98D-89B32D569283}.Release-Lib|x64.Build.0 = Release|x64
		{63E2397A-B4F8-46FD-A98D-89B32D569283}.Release-Lib|x64 platforms.ActiveCfg = Release|Win32
		{63E2397A-B4F8-46FD-A98D-89B32D569283}.RelWithDebInfo|Mixed Platforms.ActiveCfg = Release|Win32
		{63E2397A-B4F8-46FD-A98D-89B32D569283}.RelWithDebInfo|Mixed Platforms.Build.0 = Release|Win32
		{63E2397A-B4F8-46FD-A98D-89B32D569283}.RelWithDebInfo|Win32.ActiveCfg = Release|Win32
		{63E2397A-B4F8-46FD-A98D-89B32D569283}.RelWithDebInfo|Win32.Build.0 = Release|Win32
		{63E2397A-B4F8-46FD-A98D-89B32D569283}.RelWithDebInfo|x64.ActiveCfg = Release|x64
		{63E2397A-B4F8-46FD-A98D-89B32D569283}.RelWithDebInfo|x64.Build.0 = Release|x64
		{63E2397A-B4F8-46FD-A98D-89B32D569283}.RelWithDebInfo|x64 platforms.ActiveCfg = Release|Win32
		{F142A341-5EE0-442D-A15F-98AE9B48DBAE}.Debug|Mixed Platforms.ActiveCfg = Debug|Win32
		{F142A341-5EE0-442D-A15F-98AE9B48DBAE}.Debug|Mixed Platforms.Build.0 = Debug|Win32
		{F142A341-5EE0-442D-A15F-98AE9B48DBAE}.Debug|Win32.ActiveCfg = Debug|Win32
		{F142A341-5EE0-442D-A15F-98AE9B48DBAE}.Debug|x64.ActiveCfg = Debug|x64
		{F142A341-5EE0-442D-A15F-98AE9B48DBAE}.Debug|x64.Build.0 = Debug|x64
		{F142A341-5EE0-442D-A15F-98AE9B48DBAE}.Debug|x64 platforms.ActiveCfg = Debug|Win32
		{F142A341-5EE0-442D-A15F-98AE9B48DBAE}.Debug-Dll|Mixed Platforms.ActiveCfg = Debug|Win32
		{F142A341-5EE0-442D-A15F-98AE9B48DBAE}.Debug-Dll|Mixed Platforms.Build.0 = Debug|Win32
		{F142A341-5EE0-442D-A15F-98AE9B48DBAE}.Debug-Dll|Win32.ActiveCfg = Debug|Win32
		{F142A341-5EE0-442D-A15F-98AE9B48DBAE}.Debug-Dll|Win32.Build.0 = Debug|Win32
		{F142A341-5EE0-442D-A15F-98AE9B48DBAE}.Debug-Dll|x64.ActiveCfg = Debug|x64
		{F142A341-5EE0-442D-A15F-98AE9B48DBAE}.Debug-Dll|x64.Build.0 = Debug|x64
		{F142A341-5EE0-442D-A15F-98AE9B48DBAE}.Debug-Dll|x64 platforms.ActiveCfg = Debug|Win32
		{F142A341-5EE0-442D-A15F-98AE9B48DBAE}.Debug-Lib|Mixed Platforms.ActiveCfg = Debug|Win32
		{F142A341-5EE0-442D-A15F-98AE9B48DBAE}.Debug-Lib|Mixed Platforms.Build.0 = Debug|Win32
		{F142A341-5EE0-442D-A15F-98AE9B48DBAE}.Debug-Lib|Win32.ActiveCfg = Debug|Win32
		{F142A341-5EE0-442D-A15F-98AE9B48DBAE}.Debug-Lib|Win32.Build.0 = Debug|Win32
		{F142A341-5EE0-442D-A15F-98AE9B48DBAE}.Debug-Lib|x64.ActiveCfg = Debug|x64
		{F142A341-5EE0-442D-A15F-98AE9B48DBAE}.Debug-Lib|x64.Build.0 = Debug|x64
		{F142A341-5EE0-442D-A15F-98AE9B48DBAE}.Debug-Lib|x64 platforms.ActiveCfg = Debug|Win32
		{F142A341-5EE0-442D-A15F-98AE9B48DBAE}.MinSizeRel|Mixed Platforms.ActiveCfg = Release|Win32
		{F142A341-5EE0-442D-A15F-98AE9B48DBAE}.MinSizeRel|Mixed Platforms.Build.0 = Release|Win32
		{F142A341-5EE0-442D-A15F-98AE9B48DBAE}.MinSizeRel|Win32.ActiveCfg = Release|Win32
		{F142A341-5EE0-442D-A15F-98AE9B48DBAE}.MinSizeRel|Win32.Build.0 = Release|Win32
		{F142A341-5EE0-442D-A15F-98AE9B48DBAE}.MinSizeRel|x64.ActiveCfg = Release|x64
		{F142A341-5EE0-442D-A15F-98AE9B48DBAE}.MinSizeRel|x64.Build.0 = Release|x64
		{F142A341-5EE0-442D-A15F-98AE9B48DBAE}.MinSizeRel|x64 platforms.ActiveCfg = Release|Win32
		{F142A341-5EE0-442D-A15F-98AE9B48DBAE}.Release|Mixed Platforms.ActiveCfg = Release|Win32
		{F142A341-5EE0-442D-A15F-98AE9B48DBAE}.Release|Mixed Platforms.Build.0 = Release|Win32
		{F142A341-5EE0-442D-A15F-98AE9B48DBAE}.Release|Win32.ActiveCfg = Release|x64
		{F142A341-5EE0-442D-A15F-98AE9B48DBAE}.Release|x64.ActiveCfg = Release|x64
		{F142A341-5EE0-442D-A15F-98AE9B48DBAE}.Release|x64.Build.0 = Release|x64
		{F142A341-5EE0-442D-A15F-98AE9B48DBAE}.Release|x64 platforms.ActiveCfg = Release|x64
		{F142A341-5EE0-442D-A15F-98AE9B48DBAE}.Release|x64 platforms.Build.0 = Release|x64
		{F142A341-5EE0-442D-A15F-98AE9B48DBAE}.Release-Dll|Mixed Platforms.ActiveCfg = Release|Win32
		{F142A341-5EE0-442D-A15F-98AE9B48DBAE}.Release-Dll|Mixed Platforms.Build.0 = Release|Win32
		{F142A341-5EE0-442D-A15F-98AE9B48DBAE}.Release-Dll|Win32.ActiveCfg = Release|Win32
		{F142A341-5EE0-442D-A15F-98AE9B48DBAE}.Release-Dll|Win32.Build.0 = Release|Win32
		{F142A341-5EE0-442D-A15F-98AE9B48DBAE}.Release-Dll|x64.ActiveCfg = Release|x64
		{F142A341-5EE0-442D-A15F-98AE9B48DBAE}.Release-Dll|x64.Build.0 = Release|x64
		{F142A341-5EE0-442D-A15F-98AE9B48DBAE}.Release-Dll|x64 platforms.ActiveCfg = Release|Win32
		{F142A341-5EE0-442D-A15F-98AE9B48DBAE}.Release-Lib|Mixed Platforms.ActiveCfg = Release|Win32
		{F142A341-5EE0-442D-A15F-98AE9B48DBAE}.Release-Lib|Mixed Platforms.Build.0 = Release|Win32
		{F142A341-5EE0-442D-A15F-98AE9B48DBAE}.Release-Lib|Win32.ActiveCfg = Release|Win32
		{F142A341-5EE0-442D-A15F-98AE9B48DBAE}.Release-Lib|Win32.Build.0 = Release|Win32
		{F142A341-5EE0-442D-A15F-98AE9B48DBAE}.Release-Lib|x64.ActiveCfg = Release|x64
		{F142A341-5EE0-442D-A15F-98AE9B48DBAE}.Release-Lib|x64.Build.0 = Release|x64
		{F142A341-5EE0-442D-A15F-98AE9B48DBAE}.Release-Lib|x64 platforms.ActiveCfg = Release|Win32
		{F142A341-5EE0-442D-A15F-98AE9B48DBAE}.RelWithDebInfo|Mixed Platforms.ActiveCfg = Release|Win32
		{F142A341-5EE0-442D-A15F-98AE9B48DBAE}.RelWithDebInfo|Mixed Platforms.Build.0 = Release|Win32
		{F142A341-5EE0-442D-A15F-98AE9B48DBAE}.RelWithDebInfo|Win32.ActiveCfg = Release|Win32
		{F142A341-5EE0-442D-A15F-98AE9B48DBAE}.RelWithDebInfo|Win32.Build.0 = Release|Win32
		{F142A341-5EE0-442D-A15F-98AE9B48DBAE}.RelWithDebInfo|x64.ActiveCfg = Release|x64
		{F142A341-5EE0-442D-A15F-98AE9B48DBAE}.RelWithDebInfo|x64.Build.0 = Release|x64
		{F142A341-5EE0-442D-A15F-98AE9B48DBAE}.RelWithDebInfo|x64 platforms.ActiveCfg = Release|Win32
		{937CB5B7-AD6B-42EA-B530-0653C02B3EBE}.Debug|Mixed Platforms.ActiveCfg = Debug|Win32
		{937CB5B7-AD6B-42EA-B530-0653C02B3EBE}.Debug|Mixed Platforms.Build.0 = Debug|Win32
		{937CB5B7-AD6B-42EA-B530-0653C02B3EBE}.Debug|Win32.ActiveCfg = Debug|Win32
		{937CB5B7-AD6B-42EA-B530-0653C02B3EBE}.Debug|x64.ActiveCfg = Debug|x64
		{937CB5B7-AD6B-42EA-B530-0653C02B3EBE}.Debug|x64.Build.0 = Debug|x64
		{937CB5B7-AD6B-42EA-B530-0653C02B3EBE}.Debug|x64 platforms.ActiveCfg = Debug|Win32
		{937CB5B7-AD6B-42EA-B530-0653C02B3EBE}.Debug-Dll|Mixed Platforms.ActiveCfg = Debug|Win32
		{937CB5B7-AD6B-42EA-B530-0653C02B3EBE}.Debug-Dll|Mixed Platforms.Build.0 = Debug|Win32
		{937CB5B7-AD6B-42EA-B530-0653C02B3EBE}.Debug-Dll|Win32.ActiveCfg = Debug|Win32
		{937CB5B7-AD6B-42EA-B530-0653C02B3EBE}.Debug-Dll|Win32.Build.0 = Debug|Win32
		{937CB5B7-AD6B-42EA-B530-0653C02B3EBE}.Debug-Dll|x64.ActiveCfg = Debug|x64
		{937CB5B7-AD6B-42EA-B530-0653C02B3EBE}.Debug-Dll|x64.Build.0 = Debug|x64
		{937CB5B7-AD6B-42EA-B530-0653C02B3EBE}.Debug-Dll|x64 platforms.ActiveCfg = Debug|Win32
		{937CB5B7-AD6B-42EA-B530-0653C02B3EBE}.Debug-Lib|Mixed Platforms.ActiveCfg = Debug|Win32
		{937CB5B7-AD6B-42EA-B530-0653C02B3EBE}.Debug-Lib|Mixed Platforms.Build.0 = Debug|Win32
		{937CB5B7-AD6B-42EA-B530-0653C02B3EBE}.Debug-Lib|Win32.ActiveCfg = Debug|Win32
		{937CB5B7-AD6B-42EA-B530-0653C02B3EBE}.Debug-Lib|Win32.Build.0 = Debug|Win32
		{937CB5B7-AD6B-42EA-B530-0653C02B3EBE}.Debug-Lib|x64.ActiveCfg = Debug|x64
		{937CB5B7-AD6B-42EA-B530-0653C02B3EBE}.Debug-Lib|x64.Build.0 = Debug|x64
		{937CB5B7-AD6B-42EA-B530-0653C02B3EBE}.Debug-Lib|x64 platforms.ActiveCfg = Debug|Win32
		{937CB5B7-AD6B-42EA-B530-0653C02B3EBE}.MinSizeRel|Mixed Platforms.ActiveCfg = Release|Win32
		{937CB5B7-AD6B-42EA-B530-0653C02B3EBE}.MinSizeRel|Mixed Platforms.Build.0 = Release|Win32
		{937CB5B7-AD6B-42EA-B530-0653C02B3EBE}.MinSizeRel|Win32.ActiveCfg = Release|Win32
		{937CB5B7-AD6B-42EA-B530-0653C02B3EBE}.MinSizeRel|Win32.Build.0 = Release|Win32
		{937CB5B7-AD6B-42EA-B530-0653C02B3EBE}.MinSizeRel|x64.ActiveCfg = Release|x64
		{937CB5B7-AD6B-42EA-B530-0653C02B3EBE}.MinSizeRel|x64.Build.0 = Release|x64
		{937CB5B7-AD6B-42EA-B530-0653C02B3EBE}.MinSizeRel|x64 platforms.ActiveCfg = Release|Win32
		{937CB5B7-AD6B-42EA-B530-0653C02B3EBE}.Release|Mixed Platforms.ActiveCfg = Release|Win32
		{937CB5B7-AD6B-42EA-B530-0653C02B3EBE}.Release|Mixed Platforms.Build.0 = Release|Win32
		{937CB5B7-AD6B-42EA-B530-0653C02B3EBE}.Release|Win32.ActiveCfg = Release|x64
		{937CB5B7-AD6B-42EA-B530-0653C02B3EBE}.Release|x64.ActiveCfg = Release|x64
		{937CB5B7-AD6B-42EA-B530-0653C02B3EBE}.Release|x64.Build.0 = Release|x64
		{937CB5B7-AD6B-42EA-B530-0653C02B3EBE}.Release|x64 platforms.ActiveCfg = Release|x64
		{937CB5B7-AD6B-42EA-B530-0653C02B3EBE}.Release|x64 platforms.Build.0 = Release|x64
		{937CB5B7-AD6B-42EA-B530-0653C02B3EBE}.Release-Dll|Mixed Platforms.ActiveCfg = Release|Win32
		{937CB5B7-AD6B-42EA-B530-0653C02B3EBE}.Release-Dll|Mixed Platforms.Build.0 = Release|Win32
		{937CB5B7-AD6B-42EA-B530-0653C02B3EBE}.Release-Dll|Win32.ActiveCfg = Release|Win32
		{937CB5B7-AD6B-42EA-B530-0653C02B3EBE}.Release-Dll|Win32.Build.0 = Release|Win32
		{937CB5B7-AD6B-42EA-B530-0653C02B3EBE}.Release-Dll|x64.ActiveCfg = Release|x64
		{937CB5B7-AD6B-42EA-B530-0653C02B3EBE}.Release-Dll|x64.Build.0 = Release|x64
		{937CB5B7-AD6B-42EA-B530-0653C02B3EBE}.Release-Dll|x64 platforms.ActiveCfg = Release|Win32
		{937CB5B7-AD6B-42EA-B530-0653C02B3EBE}.Release-Lib|Mixed Platforms.ActiveCfg = Release|Win32
		{937CB5B7-AD6B-42EA-B530-0653C02B3EBE}.Release-Lib|Mixed Platforms.Build.0 = Release|Win32
		{937CB5B7-AD6B-42EA-B530-0653C02B3EBE}.Release-Lib|Win32.ActiveCfg = Release|Win32
		{937CB5B7-AD6B-42EA-B530-0653C02B3EBE}.Release-Lib|Win32.Build.0 = Release|Win32
		{937CB5B7-AD6B-42EA-B530-0653C02B3EBE}.Release-Lib|x64.ActiveCfg = Release|x64
		{937CB5B7-AD6B-42EA-B530-0653C02B3EBE}.Release-Lib|x64.Build.0 = Release|x64
		{937CB5B7-AD6B-42EA-B530-0653C02B3EBE}.Release-Lib|x64 platforms.ActiveCfg = Release|Win32
		{937CB5B7-AD6B-42EA-B530-0653C02B3EBE}.RelWithDebInfo|Mixed Platforms.ActiveCfg = Release|Win32
		{937CB5B7-AD6B-42EA-B530-0653C02B3EBE}.RelWithDebInfo|Mixed Platforms.Build.0 = Release|Win32
		{937CB5B7-AD6B-42EA-B530-0653C02B3EBE}.RelWithDebInfo|Win32.ActiveCfg = Release|Win32
		{937CB5B7-AD6B-42EA-B530-0653C02B3EBE}.RelWithDebInfo|Win32.Build.0 = Release|Win32
		{937CB5B7-AD6B-42EA-B530-0653C02B3EBE}.RelWithDebInfo|x64.ActiveCfg = Release|x64
		{937CB5B7-AD6B-42EA-B530-0653C02B3EBE}.RelWithDebInfo|x64.Build.0 = Release|x64
		{937CB5B7-AD6B-42EA-B530-0653C02B3EBE}.RelWithDebInfo|x64 platforms.ActiveCfg = Release|Win32
		{A6E3D774-C495-4A2B-AAC4-86E9CADEFE8C}.Debug|Mixed Platforms.ActiveCfg = Debug|x64
		{A6E3D774-C495-4A2B-AAC4-86E9CADEFE8C}.Debug|Mixed Platforms.Build.0 = Debug|x64
		{A6E3D774-C495-4A2B-AAC4-86E9CADEFE8C}.Debug|Win32.ActiveCfg = Debug|x64
		{A6E3D774-C495-4A2B-AAC4-86E9CADEFE8C}.Debug|x64.ActiveCfg = Debug|x64
		{A6E3D774-C495-4A2B-AAC4-86E9CADEFE8C}.Debug|x64.Build.0 = Debug|x64
		{A6E3D774-C495-4A2B-AAC4-86E9CADEFE8C}.Debug|x64 platforms.ActiveCfg = Debug|x64
		{A6E3D774-C495-4A2B-AAC4-86E9CADEFE8C}.Debug-Dll|Mixed Platforms.ActiveCfg = Debug|x64
		{A6E3D774-C495-4A2B-AAC4-86E9CADEFE8C}.Debug-Dll|Mixed Platforms.Build.0 = Debug|x64
		{A6E3D774-C495-4A2B-AAC4-86E9CADEFE8C}.Debug-Dll|Win32.ActiveCfg = Debug|x64
		{A6E3D774-C495-4A2B-AAC4-86E9CADEFE8C}.Debug-Dll|x64.ActiveCfg = Debug|x64
		{A6E3D774-C495-4A2B-AAC4-86E9CADEFE8C}.Debug-Dll|x64.Build.0 = Debug|x64
		{A6E3D774-C495-4A2B-AAC4-86E9CADEFE8C}.Debug-Dll|x64 platforms.ActiveCfg = Debug|x64
		{A6E3D774-C495-4A2B-AAC4-86E9CADEFE8C}.Debug-Lib|Mixed Platforms.ActiveCfg = Debug|x64
		{A6E3D774-C495-4A2B-AAC4-86E9CADEFE8C}.Debug-Lib|Mixed Platforms.Build.0 = Debug|x64
		{A6E3D774-C495-4A2B-AAC4-86E9CADEFE8C}.Debug-Lib|Win32.ActiveCfg = Debug|x64
		{A6E3D774-C495-4A2B-AAC4-86E9CADEFE8C}.Debug-Lib|x64.ActiveCfg = Debug|x64
		{A6E3D774-C495-4A2B-AAC4-86E9CADEFE8C}.Debug-Lib|x64.Build.0 = Debug|x64
		{A6E3D774-C495-4A2B-AAC4-86E9CADEFE8C}.Debug-Lib|x64 platforms.ActiveCfg = Debug|x64
		{A6E3D774-C495-4A2B-AAC4-86E9CADEFE8C}.MinSizeRel|Mixed Platforms.ActiveCfg = MinSizeRel|x64
		{A6E3D774-C495-4A2B-AAC4-86E9CADEFE8C}.MinSizeRel|Mixed Platforms.Build.0 = MinSizeRel|x64
		{A6E3D774-C495-4A2B-AAC4-86E9CADEFE8C}.MinSizeRel|Win32.ActiveCfg = MinSizeRel|x64
		{A6E3D774-C495-4A2B-AAC4-86E9CADEFE8C}.MinSizeRel|x64.ActiveCfg = MinSizeRel|x64
		{A6E3D774-C495-4A2B-AAC4-86E9CADEFE8C}.MinSizeRel|x64.Build.0 = MinSizeRel|x64
		{A6E3D774-C495-4A2B-AAC4-86E9CADEFE8C}.MinSizeRel|x64 platforms.ActiveCfg = MinSizeRel|x64
		{A6E3D774-C495-4A2B-AAC4-86E9CADEFE8C}.Release|Mixed Platforms.ActiveCfg = Release|x64
		{A6E3D774-C495-4A2B-AAC4-86E9CADEFE8C}.Release|Mixed Platforms.Build.0 = Release|x64
		{A6E3D774-C495-4A2B-AAC4-86E9CADEFE8C}.Release|Win32.ActiveCfg = Release|x64
		{A6E3D774-C495-4A2B-AAC4-86E9CADEFE8C}.Release|x64.ActiveCfg = Release|x64
		{A6E3D774-C495-4A2B-AAC4-86E9CADEFE8C}.Release|x64.Build.0 = Release|x64
		{A6E3D774-C495-4A2B-AAC4-86E9CADEFE8C}.Release|x64 platforms.ActiveCfg = Release|x64
		{A6E3D774-C495-4A2B-AAC4-86E9CADEFE8C}.Release|x64 platforms.Build.0 = Release|x64
		{A6E3D774-C495-4A2B-AAC4-86E9CADEFE8C}.Release-Dll|Mixed Platforms.ActiveCfg = Release|x64
		{A6E3D774-C495-4A2B-AAC4-86E9CADEFE8C}.Release-Dll|Mixed Platforms.Build.0 = Release|x64
		{A6E3D774-C495-4A2B-AAC4-86E9CADEFE8C}.Release-Dll|Win32.ActiveCfg = Release|x64
		{A6E3D774-C495-4A2B-AAC4-86E9CADEFE8C}.Release-Dll|x64.ActiveCfg = Release|x64
		{A6E3D774-C495-4A2B-AAC4-86E9CADEFE8C}.Release-Dll|x64.Build.0 = Release|x64
		{A6E3D774-C495-4A2B-AAC4-86E9CADEFE8C}.Release-Dll|x64 platforms.ActiveCfg = Release|x64
		{A6E3D774-C495-4A2B-AAC4-86E9CADEFE8C}.Release-Lib|Mixed Platforms.ActiveCfg = Release|x64
		{A6E3D774-C495-4A2B-AAC4-86E9CADEFE8C}.Release-Lib|Mixed Platforms.Build.0 = Release|x64
		{A6E3D774-C495-4A2B-AAC4-86E9CADEFE8C}.Release-Lib|Win32.ActiveCfg = Release|x64
		{A6E3D774-C495-4A2B-AAC4-86E9CADEFE8C}.Release-Lib|x64.ActiveCfg = Release|x64
		{A6E3D774-C495-4A2B-AAC4-86E9CADEFE8C}.Release-Lib|x64.Build.0 = Release|x64
		{A6E3D774-C495-4A2B-AAC4-86E9CADEFE8C}.Release-Lib|x64 platforms.ActiveCfg = Release|x64
		{A6E3D774-C495-4A2B-AAC4-86E9CADEFE8C}.RelWithDebInfo|Mixed Platforms.ActiveCfg = RelWithDebInfo|x64
		{A6E3D774-C495-4A2B-AAC4-86E9CADEFE8C}.RelWithDebInfo|Mixed Platforms.Build.0 = RelWithDebInfo|x64
		{A6E3D774-C495-4A2B-AAC4-86E9CADEFE8C}.RelWithDebInfo|Win32.ActiveCfg = RelWithDebInfo|x64
		{A6E3D774-C495-4A2B-AAC4-86E9CADEFE8C}.RelWithDebInfo|x64.ActiveCfg = RelWithDebInfo|x64
		{A6E3D774-C495-4A2B-AAC4-86E9CADEFE8C}.RelWithDebInfo|x64.Build.0 = RelWithDebInfo|x64
		{A6E3D774-C495-4A2B-AAC4-86E9CADEFE8C}.RelWithDebInfo|x64 platforms.ActiveCfg = RelWithDebInfo|x64
		{7E724A4B-2530-461F-AE75-D74F84900B3D}.Debug|Mixed Platforms.ActiveCfg = Debug|x64
		{7E724A4B-2530-461F-AE75-D74F84900B3D}.Debug|Mixed Platforms.Build.0 = Debug|x64
		{7E724A4B-2530-461F-AE75-D74F84900B3D}.Debug|Win32.ActiveCfg = Debug|x64
		{7E724A4B-2530-461F-AE75-D74F84900B3D}.Debug|x64.ActiveCfg = Debug|x64
		{7E724A4B-2530-461F-AE75-D74F84900B3D}.Debug|x64.Build.0 = Debug|x64
		{7E724A4B-2530-461F-AE75-D74F84900B3D}.Debug|x64 platforms.ActiveCfg = Debug|x64
		{7E724A4B-2530-461F-AE75-D74F84900B3D}.Debug-Dll|Mixed Platforms.ActiveCfg = Debug|x64
		{7E724A4B-2530-461F-AE75-D74F84900B3D}.Debug-Dll|Mixed Platforms.Build.0 = Debug|x64
		{7E724A4B-2530-461F-AE75-D74F84900B3D}.Debug-Dll|Win32.ActiveCfg = Debug|x64
		{7E724A4B-2530-461F-AE75-D74F84900B3D}.Debug-Dll|x64.ActiveCfg = Debug|x64
		{7E724A4B-2530-461F-AE75-D74F84900B3D}.Debug-Dll|x64.Build.0 = Debug|x64
		{7E724A4B-2530-461F-AE75-D74F84900B3D}.Debug-Dll|x64 platforms.ActiveCfg = Debug|x64
		{7E724A4B-2530-461F-AE75-D74F84900B3D}.Debug-Lib|Mixed Platforms.ActiveCfg = Debug|x64
		{7E724A4B-2530-461F-AE75-D74F84900B3D}.Debug-Lib|Mixed Platforms.Build.0 = Debug|x64
		{7E724A4B-2530-461F-AE75-D74F84900B3D}.Debug-Lib|Win32.ActiveCfg = Debug|x64
		{7E724A4B-2530-461F-AE75-D74F84900B3D}.Debug-Lib|x64.ActiveCfg = Debug|x64
		{7E724A4B-2530-461F-AE75-D74F84900B3D}.Debug-Lib|x64.Build.0 = Debug|x64
		{7E724A4B-2530-461F-AE75-D74F84900B3D}.Debug-Lib|x64 platforms.ActiveCfg = Debug|x64
		{7E724A4B-2530-461F-AE75-D74F84900B3D}.MinSizeRel|Mixed Platforms.ActiveCfg = MinSizeRel|x64
		{7E724A4B-2530-461F-AE75-D74F84900B3D}.MinSizeRel|Mixed Platforms.Build.0 = MinSizeRel|x64
		{7E724A4B-2530-461F-AE75-D74F84900B3D}.MinSizeRel|Win32.ActiveCfg = MinSizeRel|x64
		{7E724A4B-2530-461F-AE75-D74F84900B3D}.MinSizeRel|x64.ActiveCfg = MinSizeRel|x64
		{7E724A4B-2530-461F-AE75-D74F84900B3D}.MinSizeRel|x64.Build.0 = MinSizeRel|x64
		{7E724A4B-2530-461F-AE75-D74F84900B3D}.MinSizeRel|x64 platforms.ActiveCfg = MinSizeRel|x64
		{7E724A4B-2530-461F-AE75-D74F84900B3D}.Release|Mixed Platforms.ActiveCfg = Release|x64
		{7E724A4B-2530-461F-AE75-D74F84900B3D}.Release|Mixed Platforms.Build.0 = Release|x64
		{7E724A4B-2530-461F-AE75-D74F84900B3D}.Release|Win32.ActiveCfg = Release|x64
		{7E724A4B-2530-461F-AE75-D74F84900B3D}.Release|x64.ActiveCfg = Release|x64
		{7E724A4B-2530-461F-AE75-D74F84900B3D}.Release|x64.Build.0 = Release|x64
		{7E724A4B-2530-461F-AE75-D74F84900B3D}.Release|x64 platforms.ActiveCfg = Release|x64
		{7E724A4B-2530-461F-AE75-D74F84900B3D}.Release|x64 platforms.Build.0 = Release|x64
		{7E724A4B-2530-461F-AE75-D74F84900B3D}.Release-Dll|Mixed Platforms.ActiveCfg = Release|x64
		{7E724A4B-2530-461F-AE75-D74F84900B3D}.Release-Dll|Mixed Platforms.Build.0 = Release|x64
		{7E724A4B-2530-461F-AE75-D74F84900B3D}.Release-Dll|Win32.ActiveCfg = Release|x64
		{7E724A4B-2530-461F-AE75-D74F84900B3D}.Release-Dll|x64.ActiveCfg = Release|x64
		{7E724A4B-2530-461F-AE75-D74F84900B3D}.Release-Dll|x64.Build.0 = Release|x64
		{7E724A4B-2530-461F-AE75-D74F84900B3D}.Release-Dll|x64 platforms.ActiveCfg = Release|x64
		{7E724A4B-2530-461F-AE75-D74F84900B3D}.Release-Lib|Mixed Platforms.ActiveCfg = Release|x64
		{7E724A4B-2530-461F-AE75-D74F84900B3D}.Release-Lib|Mixed Platforms.Build.0 = Release|x64
		{7E724A4B-2530-461F-AE75-D74F84900B3D}.Release-Lib|Win32.ActiveCfg = Release|x64
		{7E724A4B-2530-461F-AE75-D74F84900B3D}.Release-Lib|x64.ActiveCfg = Release|x64
		{7E724A4B-2530-461F-AE75-D74F84900B3D}.Release-Lib|x64.Build.0 = Release|x64
		{7E724A4B-2530-461F-AE75-D74F84900B3D}.Release-Lib|x64 platforms.ActiveCfg = Release|x64
		{7E724A4B-2530-461F-AE75-D74F84900B3D}.RelWithDebInfo|Mixed Platforms.ActiveCfg = RelWithDebInfo|x64
		{7E724A4B-2530-461F-AE75-D74F84900B3D}.RelWithDebInfo|Mixed Platforms.Build.0 = RelWithDebInfo|x64
		{7E724A4B-2530-461F-AE75-D74F84900B3D}.RelWithDebInfo|Win32.ActiveCfg = RelWithDebInfo|x64
		{7E724A4B-2530-461F-AE75-D74F84900B3D}.RelWithDebInfo|x64.ActiveCfg = RelWithDebInfo|x64
		{7E724A4B-2530-461F-AE75-D74F84900B3D}.RelWithDebInfo|x64.Build.0 = RelWithDebInfo|x64
		{7E724A4B-2530-461F-AE75-D74F84900B3D}.RelWithDebInfo|x64 platforms.ActiveCfg = RelWithDebInfo|x64
		{D1C528B6-AA02-4D29-9D61-DC08E317A70D}.Debug|Mixed Platforms.ActiveCfg = Debug-Dll|Win32
		{D1C528B6-AA02-4D29-9D61-DC08E317A70D}.Debug|Mixed Platforms.Build.0 = Debug-Dll|Win32
		{D1C528B6-AA02-4D29-9D61-DC08E317A70D}.Debug|Win32.ActiveCfg = Debug-Dll|Win32
		{D1C528B6-AA02-4D29-9D61-DC08E317A70D}.Debug|x64.ActiveCfg = Debug-Lib|x64
		{D1C528B6-AA02-4D29-9D61-DC08E317A70D}.Debug|x64.Build.0 = Debug-Lib|x64
		{D1C528B6-AA02-4D29-9D61-DC08E317A70D}.Debug|x64 platforms.ActiveCfg = Debug-Dll|Win32
		{D1C528B6-AA02-4D29-9D61-DC08E317A70D}.Debug-Dll|Mixed Platforms.ActiveCfg = Debug-Dll|Win32
		{D1C528B6-AA02-4D29-9D61-DC08E317A70D}.Debug-Dll|Mixed Platforms.Build.0 = Debug-Dll|Win32
		{D1C528B6-AA02-4D29-9D61-DC08E317A70D}.Debug-Dll|Win32.ActiveCfg = Debug-Dll|Win32
		{D1C528B6-AA02-4D29-9D61-DC08E317A70D}.Debug-Dll|Win32.Build.0 = Debug-Dll|Win32
		{D1C528B6-AA02-4D29-9D61-DC08E317A70D}.Debug-Dll|x64.ActiveCfg = Debug-Dll|x64
		{D1C528B6-AA02-4D29-9D61-DC08E317A70D}.Debug-Dll|x64.Build.0 = Debug-Dll|x64
		{D1C528B6-AA02-4D29-9D61-DC08E317A70D}.Debug-Dll|x64 platforms.ActiveCfg = Debug-Dll|Win32
		{D1C528B6-AA02-4D29-9D61-DC08E317A70D}.Debug-Lib|Mixed Platforms.ActiveCfg = Debug-Lib|Win32
		{D1C528B6-AA02-4D29-9D61-DC08E317A70D}.Debug-Lib|Mixed Platforms.Build.0 = Debug-Lib|Win32
		{D1C528B6-AA02-4D29-9D61-DC08E317A70D}.Debug-Lib|Win32.ActiveCfg = Debug-Lib|Win32
		{D1C528B6-AA02-4D29-9D61-DC08E317A70D}.Debug-Lib|Win32.Build.0 = Debug-Lib|Win32
		{D1C528B6-AA02-4D29-9D61-DC08E317A70D}.Debug-Lib|x64.ActiveCfg = Debug-Lib|x64
		{D1C528B6-AA02-4D29-9D61-DC08E317A70D}.Debug-Lib|x64.Build.0 = Debug-Lib|x64
		{D1C528B6-AA02-4D29-9D61-DC08E317A70D}.Debug-Lib|x64 platforms.ActiveCfg = Debug-Lib|Win32
		{D1C528B6-AA02-4D29-9D61-DC08E317A70D}.MinSizeRel|Mixed Platforms.ActiveCfg = Debug-Dll|Win32
		{D1C528B6-AA02-4D29-9D61-DC08E317A70D}.MinSizeRel|Mixed Platforms.Build.0 = Debug-Dll|Win32
		{D1C528B6-AA02-4D29-9D61-DC08E317A70D}.MinSizeRel|Win32.ActiveCfg = Debug-Dll|Win32
		{D1C528B6-AA02-4D29-9D61-DC08E317A70D}.MinSizeRel|Win32.Build.0 = Debug-Dll|Win32
		{D1C528B6-AA02-4D29-9D61-DC08E317A70D}.MinSizeRel|x64.ActiveCfg = Release-Dll|x64
		{D1C528B6-AA02-4D29-9D61-DC08E317A70D}.MinSizeRel|x64.Build.0 = Release-Dll|x64
		{D1C528B6-AA02-4D29-9D61-DC08E317A70D}.MinSizeRel|x64 platforms.ActiveCfg = Debug-Dll|Win32
		{D1C528B6-AA02-4D29-9D61-DC08E317A70D}.Release|Mixed Platforms.ActiveCfg = Release-Lib|Win32
		{D1C528B6-AA02-4D29-9D61-DC08E317A70D}.Release|Mixed Platforms.Build.0 = Release-Lib|Win32
		{D1C528B6-AA02-4D29-9D61-DC08E317A70D}.Release|Win32.ActiveCfg = Release-Lib|Win32
		{D1C528B6-AA02-4D29-9D61-DC08E317A70D}.Release|x64.ActiveCfg = Release-Dll|x64
		{D1C528B6-AA02-4D29-9D61-DC08E317A70D}.Release|x64.Build.0 = Release-Dll|x64
		{D1C528B6-AA02-4D29-9D61-DC08E317A70D}.Release|x64 platforms.ActiveCfg = Release-Lib|x64
		{D1C528B6-AA02-4D29-9D61-DC08E317A70D}.Release|x64 platforms.Build.0 = Release-Lib|x64
		{D1C528B6-AA02-4D29-9D61-DC08E317A70D}.Release-Dll|Mixed Platforms.ActiveCfg = Release-Dll|Win32
		{D1C528B6-AA02-4D29-9D61-DC08E317A70D}.Release-Dll|Mixed Platforms.Build.0 = Release-Dll|Win32
		{D1C528B6-AA02-4D29-9D61-DC08E317A70D}.Release-Dll|Win32.ActiveCfg = Release-Dll|Win32
		{D1C528B6-AA02-4D29-9D61-DC08E317A70D}.Release-Dll|Win32.Build.0 = Release-Dll|Win32
		{D1C528B6-AA02-4D29-9D61-DC08E317A70D}.Release-Dll|x64.ActiveCfg = Release-Dll|x64
		{D1C528B6-AA02-4D29-9D61-DC08E317A70D}.Release-Dll|x64.Build.0 = Release-Dll|x64
		{D1C528B6-AA02-4D29-9D61-DC08E317A70D}.Release-Dll|x64 platforms.ActiveCfg = Release-Dll|Win32
		{D1C528B6-AA02-4D29-9D61-DC08E317A70D}.Release-Lib|Mixed Platforms.ActiveCfg = Release-Lib|Win32
		{D1C528B6-AA02-4D29-9D61-DC08E317A70D}.Release-Lib|Mixed Platforms.Build.0 = Release-Lib|Win32
		{D1C528B6-AA02-4D29-9D61-DC08E317A70D}.Release-Lib|Win32.ActiveCfg = Release-Lib|Win32
		{D1C528B6-AA02-4D29-9D61-DC08E317A70D}.Release-Lib|Win32.Build.0 = Release-Lib|Win32
		{D1C528B6-AA02-4D29-9D61-DC08E317A70D}.Release-Lib|x64.ActiveCfg = Release-Lib|x64
		{D1C528B6-AA02-4D29-9D61-DC08E317A70D}.Release-Lib|x64.Build.0 = Release-Lib|x64
		{D1C528B6-AA02-4D29-9D61-DC08E317A70D}.Release-Lib|x64 platforms.ActiveCfg = Release-Lib|Win32
		{D1C528B6-AA02-4D29-9D61-DC08E317A70D}.RelWithDebInfo|Mixed Platforms.ActiveCfg = Release-Lib|Win32
		{D1C528B6-AA02-4D29-9D61-DC08E317A70D}.RelWithDebInfo|Mixed Platforms.Build.0 = Release-Lib|Win32
		{D1C528B6-AA02-4D29-9D61-DC08E317A70D}.RelWithDebInfo|Win32.ActiveCfg = Release-Lib|Win32
		{D1C528B6-AA02-4D29-9D61-DC08E317A70D}.RelWithDebInfo|Win32.Build.0 = Release-Lib|Win32
		{D1C528B6-AA02-4D29-9D61-DC08E317A70D}.RelWithDebInfo|x64.ActiveCfg = Release-Dll|x64
		{D1C528B6-AA02-4D29-9D61-DC08E317A70D}.RelWithDebInfo|x64.Build.0 = Release-Dll|x64
		{D1C528B6-AA02-4D29-9D61-DC08E317A70D}.RelWithDebInfo|x64 platforms.ActiveCfg = Release-Lib|Win32
		{2FC2D518-4656-4AB0-9C0B-FC420BA4AFCA}.Debug|Mixed Platforms.ActiveCfg = Debug|Win32
		{2FC2D518-4656-4AB0-9C0B-FC420BA4AFCA}.Debug|Mixed Platforms.Build.0 = Debug|Win32
		{2FC2D518-4656-4AB0-9C0B-FC420BA4AFCA}.Debug|Win32.ActiveCfg = Debug|Win32
		{2FC2D518-4656-4AB0-9C0B-FC420BA4AFCA}.Debug|Win32.Build.0 = Debug|Win32
		{2FC2D518-4656-4AB0-9C0B-FC420BA4AFCA}.Debug|x64.ActiveCfg = Debug|Win32
		{2FC2D518-4656-4AB0-9C0B-FC420BA4AFCA}.Debug|x64 platforms.ActiveCfg = Debug|Win32
		{2FC2D518-4656-4AB0-9C0B-FC420BA4AFCA}.Debug-Dll|Mixed Platforms.ActiveCfg = Debug|Win32
		{2FC2D518-4656-4AB0-9C0B-FC420BA4AFCA}.Debug-Dll|Mixed Platforms.Build.0 = Debug|Win32
		{2FC2D518-4656-4AB0-9C0B-FC420BA4AFCA}.Debug-Dll|Win32.ActiveCfg = Debug|Win32
		{2FC2D518-4656-4AB0-9C0B-FC420BA4AFCA}.Debug-Dll|Win32.Build.0 = Debug|Win32
		{2FC2D518-4656-4AB0-9C0B-FC420BA4AFCA}.Debug-Dll|x64.ActiveCfg = Debug|Win32
		{2FC2D518-4656-4AB0-9C0B-FC420BA4AFCA}.Debug-Dll|x64 platforms.ActiveCfg = Debug|Win32
		{2FC2D518-4656-4AB0-9C0B-FC420BA4AFCA}.Debug-Lib|Mixed Platforms.ActiveCfg = Debug|Win32
		{2FC2D518-4656-4AB0-9C0B-FC420BA4AFCA}.Debug-Lib|Mixed Platforms.Build.0 = Debug|Win32
		{2FC2D518-4656-4AB0-9C0B-FC420BA4AFCA}.Debug-Lib|Win32.ActiveCfg = Debug|Win32
		{2FC2D518-4656-4AB0-9C0B-FC420BA4AFCA}.Debug-Lib|Win32.Build.0 = Debug|Win32
		{2FC2D518-4656-4AB0-9C0B-FC420BA4AFCA}.Debug-Lib|x64.ActiveCfg = Debug|Win32
		{2FC2D518-4656-4AB0-9C0B-FC420BA4AFCA}.Debug-Lib|x64 platforms.ActiveCfg = Debug|Win32
		{2FC2D518-4656-4AB0-9C0B-FC420BA4AFCA}.MinSizeRel|Mixed Platforms.ActiveCfg = Release|Win32
		{2FC2D518-4656-4AB0-9C0B-FC420BA4AFCA}.MinSizeRel|Mixed Platforms.Build.0 = Release|Win32
		{2FC2D518-4656-4AB0-9C0B-FC420BA4AFCA}.MinSizeRel|Win32.ActiveCfg = Release|Win32
		{2FC2D518-4656-4AB0-9C0B-FC420BA4AFCA}.MinSizeRel|Win32.Build.0 = Release|Win32
		{2FC2D518-4656-4AB0-9C0B-FC420BA4AFCA}.MinSizeRel|x64.ActiveCfg = Release|Win32
		{2FC2D518-4656-4AB0-9C0B-FC420BA4AFCA}.MinSizeRel|x64 platforms.ActiveCfg = Release|Win32
		{2FC2D518-4656-4AB0-9C0B-FC420BA4AFCA}.Release|Mixed Platforms.ActiveCfg = Release|Win32
		{2FC2D518-4656-4AB0-9C0B-FC420BA4AFCA}.Release|Mixed Platforms.Build.0 = Release|Win32
		{2FC2D518-4656-4AB0-9C0B-FC420BA4AFCA}.Release|Win32.ActiveCfg = Release|Win32
		{2FC2D518-4656-4AB0-9C0B-FC420BA4AFCA}.Release|Win32.Build.0 = Release|Win32
		{2FC2D518-4656-4AB0-9C0B-FC420BA4AFCA}.Release|x64.ActiveCfg = Release|Win32
		{2FC2D518-4656-4AB0-9C0B-FC420BA4AFCA}.Release|x64 platforms.ActiveCfg = Release|Win32
		{2FC2D518-4656-4AB0-9C0B-FC420BA4AFCA}.Release-Dll|Mixed Platforms.ActiveCfg = Release|Win32
		{2FC2D518-4656-4AB0-9C0B-FC420BA4AFCA}.Release-Dll|Mixed Platforms.Build.0 = Release|Win32
		{2FC2D518-4656-4AB0-9C0B-FC420BA4AFCA}.Release-Dll|Win32.ActiveCfg = Release|Win32
		{2FC2D518-4656-4AB0-9C0B-FC420BA4AFCA}.Release-Dll|Win32.Build.0 = Release|Win32
		{2FC2D518-4656-4AB0-9C0B-FC420BA4AFCA}.Release-Dll|x64.ActiveCfg = Release|Win32
		{2FC2D518-4656-4AB0-9C0B-FC420BA4AFCA}.Release-Dll|x64 platforms.ActiveCfg = Release|Win32
		{2FC2D518-4656-4AB0-9C0B-FC420BA4AFCA}.Release-Lib|Mixed Platforms.ActiveCfg = Release|Win32
		{2FC2D518-4656-4AB0-9C0B-FC420BA4AFCA}.Release-Lib|Mixed Platforms.Build.0 = Release|Win32
		{2FC2D518-4656-4AB0-9C0B-FC420BA4AFCA}.Release-Lib|Win32.ActiveCfg = Release|Win32
		{2FC2D518-4656-4AB0-9C0B-FC420BA4AFCA}.Release-Lib|Win32.Build.0 = Release|Win32
		{2FC2D518-4656-4AB0-9C0B-FC420BA4AFCA}.Release-Lib|x64.ActiveCfg = Release|Win32
		{2FC2D518-4656-4AB0-9C0B-FC420BA4AFCA}.Release-Lib|x64 platforms.ActiveCfg = Release|Win32
		{2FC2D518-4656-4AB0-9C0B-FC420BA4AFCA}.RelWithDebInfo|Mixed Platforms.ActiveCfg = Release|Win32
		{2FC2D518-4656-4AB0-9C0B-FC420BA4AFCA}.RelWithDebInfo|Mixed Platforms.Build.0 = Release|Win32
		{2FC2D518-4656-4AB0-9C0B-FC420BA4AFCA}.RelWithDebInfo|Win32.ActiveCfg = Release|Win32
		{2FC2D518-4656-4AB0-9C0B-FC420BA4AFCA}.RelWithDebInfo|Win32.Build.0 = Release|Win32
		{2FC2D518-4656-4AB0-9C0B-FC420BA4AFCA}.RelWithDebInfo|x64.ActiveCfg = Release|Win32
		{2FC2D518-4656-4AB0-9C0B-FC420BA4AFCA}.RelWithDebInfo|x64 platforms.ActiveCfg = Release|Win32
		{2BB102C3-0762-42EA-89EA-D920B9CDCD03}.Debug|Mixed Platforms.ActiveCfg = Debug|Win32
		{2BB102C3-0762-42EA-89EA-D920B9CDCD03}.Debug|Mixed Platforms.Build.0 = Debug|Win32
		{2BB102C3-0762-42EA-89EA-D920B9CDCD03}.Debug|Win32.ActiveCfg = Debug|Win32
		{2BB102C3-0762-42EA-89EA-D920B9CDCD03}.Debug|Win32.Build.0 = Debug|Win32
		{2BB102C3-0762-42EA-89EA-D920B9CDCD03}.Debug|x64.ActiveCfg = Debug|x64
		{2BB102C3-0762-42EA-89EA-D920B9CDCD03}.Debug|x64.Build.0 = Debug|x64
		{2BB102C3-0762-42EA-89EA-D920B9CDCD03}.Debug|x64 platforms.ActiveCfg = Debug|Win32
		{2BB102C3-0762-42EA-89EA-D920B9CDCD03}.Debug-Dll|Mixed Platforms.ActiveCfg = Debug|Win32
		{2BB102C3-0762-42EA-89EA-D920B9CDCD03}.Debug-Dll|Mixed Platforms.Build.0 = Debug|Win32
		{2BB102C3-0762-42EA-89EA-D920B9CDCD03}.Debug-Dll|Win32.ActiveCfg = Debug|Win32
		{2BB102C3-0762-42EA-89EA-D920B9CDCD03}.Debug-Dll|Win32.Build.0 = Debug|Win32
		{2BB102C3-0762-42EA-89EA-D920B9CDCD03}.Debug-Dll|x64.ActiveCfg = Debug|x64
		{2BB102C3-0762-42EA-89EA-D920B9CDCD03}.Debug-Dll|x64.Build.0 = Debug|x64
		{2BB102C3-0762-42EA-89EA-D920B9CDCD03}.Debug-Dll|x64 platforms.ActiveCfg = Debug|Win32
		{2BB102C3-0762-42EA-89EA-D920B9CDCD03}.Debug-Lib|Mixed Platforms.ActiveCfg = Debug|Win32
		{2BB102C3-0762-42EA-89EA-D920B9CDCD03}.Debug-Lib|Mixed Platforms.Build.0 = Debug|Win32
		{2BB102C3-0762-42EA-89EA-D920B9CDCD03}.Debug-Lib|Win32.ActiveCfg = Debug|Win32
		{2BB102C3-0762-42EA-89EA-D920B9CDCD03}.Debug-Lib|Win32.Build.0 = Debug|Win32
		{2BB102C3-0762-42EA-89EA-D920B9CDCD03}.Debug-Lib|x64.ActiveCfg = Debug|x64
		{2BB102C3-0762-42EA-89EA-D920B9CDCD03}.Debug-Lib|x64.Build.0 = Debug|x64
		{2BB102C3-0762-42EA-89EA-D920B9CDCD03}.Debug-Lib|x64 platforms.ActiveCfg = Debug|Win32
		{2BB102C3-0762-42EA-89EA-D920B9CDCD03}.MinSizeRel|Mixed Platforms.ActiveCfg = Release|Win32
		{2BB102C3-0762-42EA-89EA-D920B9CDCD03}.MinSizeRel|Mixed Platforms.Build.0 = Release|Win32
		{2BB102C3-0762-42EA-89EA-D920B9CDCD03}.MinSizeRel|Win32.ActiveCfg = Release|Win32
		{2BB102C3-0762-42EA-89EA-D920B9CDCD03}.MinSizeRel|Win32.Build.0 = Release|Win32
		{2BB102C3-0762-42EA-89EA-D920B9CDCD03}.MinSizeRel|x64.ActiveCfg = Release|x64
		{2BB102C3-0762-42EA-89EA-D920B9CDCD03}.MinSizeRel|x64.Build.0 = Release|x64
		{2BB102C3-0762-42EA-89EA-D920B9CDCD03}.MinSizeRel|x64 platforms.ActiveCfg = Release|Win32
		{2BB102C3-0762-42EA-89EA-D920B9CDCD03}.Release|Mixed Platforms.ActiveCfg = Release|Win32
		{2BB102C3-0762-42EA-89EA-D920B9CDCD03}.Release|Mixed Platforms.Build.0 = Release|Win32
		{2BB102C3-0762-42EA-89EA-D920B9CDCD03}.Release|Win32.ActiveCfg = Release|Win32
		{2BB102C3-0762-42EA-89EA-D920B9CDCD03}.Release|Win32.Build.0 = Release|Win32
		{2BB102C3-0762-42EA-89EA-D920B9CDCD03}.Release|x64.ActiveCfg = Release|x64
		{2BB102C3-0762-42EA-89EA-D920B9CDCD03}.Release|x64.Build.0 = Release|x64
		{2BB102C3-0762-42EA-89EA-D920B9CDCD03}.Release|x64 platforms.ActiveCfg = Release|x64
		{2BB102C3-0762-42EA-89EA-D920B9CDCD03}.Release|x64 platforms.Build.0 = Release|x64
		{2BB102C3-0762-42EA-89EA-D920B9CDCD03}.Release-Dll|Mixed Platforms.ActiveCfg = Release|Win32
		{2BB102C3-0762-42EA-89EA-D920B9CDCD03}.Release-Dll|Mixed Platforms.Build.0 = Release|Win32
		{2BB102C3-0762-42EA-89EA-D920B9CDCD03}.Release-Dll|Win32.ActiveCfg = Release|Win32
		{2BB102C3-0762-42EA-89EA-D920B9CDCD03}.Release-Dll|Win32.Build.0 = Release|Win32
		{2BB102C3-0762-42EA-89EA-D920B9CDCD03}.Release-Dll|x64.ActiveCfg = Release|x64
		{2BB102C3-0762-42EA-89EA-D920B9CDCD03}.Release-Dll|x64.Build.0 = Release|x64
		{2BB102C3-0762-42EA-89EA-D920B9CDCD03}.Release-Dll|x64 platforms.ActiveCfg = Release|Win32
		{2BB102C3-0762-42EA-89EA-D920B9CDCD03}.Release-Lib|Mixed Platforms.ActiveCfg = Release|Win32
		{2BB102C3-0762-42EA-89EA-D920B9CDCD03}.Release-Lib|Mixed Platforms.Build.0 = Release|Win32
		{2BB102C3-0762-42EA-89EA-D920B9CDCD03}.Release-Lib|Win32.ActiveCfg = Release|Win32
		{2BB102C3-0762-42EA-89EA-D920B9CDCD03}.Release-Lib|Win32.Build.0 = Release|Win32
		{2BB102C3-0762-42EA-89EA-D920B9CDCD03}.Release-Lib|x64.ActiveCfg = Release|x64
		{2BB102C3-0762-42EA-89EA-D920B9CDCD03}.Release-Lib|x64.Build.0 = Release|x64
		{2BB102C3-0762-42EA-89EA-D920B9CDCD03}.Release-Lib|x64 platforms.ActiveCfg = Release|Win32
		{2BB102C3-0762-42EA-89EA-D920B9CDCD03}.RelWithDebInfo|Mixed Platforms.ActiveCfg = Release|Win32
		{2BB102C3-0762-42EA-89EA-D920B9CDCD03}.RelWithDebInfo|Mixed Platforms.Build.0 = Release|Win32
		{2BB102C3-0762-42EA-89EA-D920B9CDCD03}.RelWithDebInfo|Win32.ActiveCfg = Release|Win32
		{2BB102C3-0762-42EA-89EA-D920B9CDCD03}.RelWithDebInfo|Win32.Build.0 = Release|Win32
		{2BB102C3-0762-42EA-89EA-D920B9CDCD03}.RelWithDebInfo|x64.ActiveCfg = Release|x64
		{2BB102C3-0762-42EA-89EA-D920B9CDCD03}.RelWithDebInfo|x64.Build.0 = Release|x64
		{2BB102C3-0762-42EA-89EA-D920B9CDCD03}.RelWithDebInfo|x64 platforms.ActiveCfg = Release|Win32
		{143F9B67-C223-4F2D-B8F9-B644CA710CA6}.Debug|Mixed Platforms.ActiveCfg = Debug|Win32
		{143F9B67-C223-4F2D-B8F9-B644CA710CA6}.Debug|Mixed Platforms.Build.0 = Debug|Win32
		{143F9B67-C223-4F2D-B8F9-B644CA710CA6}.Debug|Win32.ActiveCfg = Debug|Win32
		{143F9B67-C223-4F2D-B8F9-B644CA710CA6}.Debug|Win32.Build.0 = Debug|Win32
		{143F9B67-C223-4F2D-B8F9-B644CA710CA6}.Debug|x64.ActiveCfg = Debug|x64
		{143F9B67-C223-4F2D-B8F9-B644CA710CA6}.Debug|x64.Build.0 = Debug|x64
		{143F9B67-C223-4F2D-B8F9-B644CA710CA6}.Debug|x64 platforms.ActiveCfg = Debug|Win32
		{143F9B67-C223-4F2D-B8F9-B644CA710CA6}.Debug-Dll|Mixed Platforms.ActiveCfg = Debug|Win32
		{143F9B67-C223-4F2D-B8F9-B644CA710CA6}.Debug-Dll|Mixed Platforms.Build.0 = Debug|Win32
		{143F9B67-C223-4F2D-B8F9-B644CA710CA6}.Debug-Dll|Win32.ActiveCfg = Debug|Win32
		{143F9B67-C223-4F2D-B8F9-B644CA710CA6}.Debug-Dll|Win32.Build.0 = Debug|Win32
		{143F9B67-C223-4F2D-B8F9-B644CA710CA6}.Debug-Dll|x64.ActiveCfg = Debug|x64
		{143F9B67-C223-4F2D-B8F9-B644CA710CA6}.Debug-Dll|x64.Build.0 = Debug|x64
		{143F9B67-C223-4F2D-B8F9-B644CA710CA6}.Debug-Dll|x64 platforms.ActiveCfg = Debug|Win32
		{143F9B67-C223-4F2D-B8F9-B644CA710CA6}.Debug-Lib|Mixed Platforms.ActiveCfg = Debug|Win32
		{143F9B67-C223-4F2D-B8F9-B644CA710CA6}.Debug-Lib|Mixed Platforms.Build.0 = Debug|Win32
		{143F9B67-C223-4F2D-B8F9-B644CA710CA6}.Debug-Lib|Win32.ActiveCfg = Debug|Win32
		{143F9B67-C223-4F2D-B8F9-B644CA710CA6}.Debug-Lib|Win32.Build.0 = Debug|Win32
		{143F9B67-C223-4F2D-B8F9-B644CA710CA6}.Debug-Lib|x64.ActiveCfg = Debug|x64
		{143F9B67-C223-4F2D-B8F9-B644CA710CA6}.Debug-Lib|x64.Build.0 = Debug|x64
		{143F9B67-C223-4F2D-B8F9-B644CA710CA6}.Debug-Lib|x64 platforms.ActiveCfg = Debug|Win32
		{143F9B67-C223-4F2D-B8F9-B644CA710CA6}.MinSizeRel|Mixed Platforms.ActiveCfg = Release|Win32
		{143F9B67-C223-4F2D-B8F9-B644CA710CA6}.MinSizeRel|Mixed Platforms.Build.0 = Release|Win32
		{143F9B67-C223-4F2D-B8F9-B644CA710CA6}.MinSizeRel|Win32.ActiveCfg = Release|Win32
		{143F9B67-C223-4F2D-B8F9-B644CA710CA6}.MinSizeRel|Win32.Build.0 = Release|Win32
		{143F9B67-C223-4F2D-B8F9-B644CA710CA6}.MinSizeRel|x64.ActiveCfg = Release|x64
		{143F9B67-C223-4F2D-B8F9-B644CA710CA6}.MinSizeRel|x64.Build.0 = Release|x64
		{143F9B67-C223-4F2D-B8F9-B644CA710CA6}.MinSizeRel|x64 platforms.ActiveCfg = Release|Win32
		{143F9B67-C223-4F2D-B8F9-B644CA710CA6}.Release|Mixed Platforms.ActiveCfg = Release|Win32
		{143F9B67-C223-4F2D-B8F9-B644CA710CA6}.Release|Mixed Platforms.Build.0 = Release|Win32
		{143F9B67-C223-4F2D-B8F9-B644CA710CA6}.Release|Win32.ActiveCfg = Release|Win32
		{143F9B67-C223-4F2D-B8F9-B644CA710CA6}.Release|Win32.Build.0 = Release|Win32
		{143F9B67-C223-4F2D-B8F9-B644CA710CA6}.Release|x64.ActiveCfg = Release|x64
		{143F9B67-C223-4F2D-B8F9-B644CA710CA6}.Release|x64.Build.0 = Release|x64
		{143F9B67-C223-4F2D-B8F9-B644CA710CA6}.Release|x64 platforms.ActiveCfg = Release|x64
		{143F9B67-C223-4F2D-B8F9-B644CA710CA6}.Release|x64 platforms.Build.0 = Release|x64
		{143F9B67-C223-4F2D-B8F9-B644CA710CA6}.Release-Dll|Mixed Platforms.ActiveCfg = Release|Win32
		{143F9B67-C223-4F2D-B8F9-B644CA710CA6}.Release-Dll|Mixed Platforms.Build.0 = Release|Win32
		{143F9B67-C223-4F2D-B8F9-B644CA710CA6}.Release-Dll|Win32.ActiveCfg = Release|Win32
		{143F9B67-C223-4F2D-B8F9-B644CA710CA6}.Release-Dll|Win32.Build.0 = Release|Win32
		{143F9B67-C223-4F2D-B8F9-B644CA710CA6}.Release-Dll|x64.ActiveCfg = Release|x64
		{143F9B67-C223-4F2D-B8F9-B644CA710CA6}.Release-Dll|x64.Build.0 = Release|x64
		{143F9B67-C223-4F2D-B8F9-B644CA710CA6}.Release-Dll|x64 platforms.ActiveCfg = Release|Win32
		{143F9B67-C223-4F2D-B8F9-B644CA710CA6}.Release-Lib|Mixed Platforms.ActiveCfg = Release|Win32
		{143F9B67-C223-4F2D-B8F9-B644CA710CA6}.Release-Lib|Mixed Platforms.Build.0 = Release|Win32
		{143F9B67-C223-4F2D-B8F9-B644CA710CA6}.Release-Lib|Win32.ActiveCfg = Release|Win32
		{143F9B67-C223-4F2D-B8F9-B644CA710CA6}.Release-Lib|Win32.Build.0 = Release|Win32
		{143F9B67-C223-4F2D-B8F9-B644CA710CA6}.Release-Lib|x64.ActiveCfg = Release|x64
		{143F9B67-C223-4F2D-B8F9-B644CA710CA6}.Release-Lib|x64.Build.0 = Release|x64
		{143F9B67-C223-4F2D-B8F9-B644CA710CA6}.Release-Lib|x64 platforms.ActiveCfg = Release|Win32
		{143F9B67-C223-4F2D-B8F9-B644CA710CA6}.RelWithDebInfo|Mixed Platforms.ActiveCfg = Release|Win32
		{143F9B67-C223-4F2D-B8F9-B644CA710CA6}.RelWithDebInfo|Mixed Platforms.Build.0 = Release|Win32
		{143F9B67-C223-4F2D-B8F9-B644CA710CA6}.RelWithDebInfo|Win32.ActiveCfg = Release|Win32
		{143F9B67-C223-4F2D-B8F9-B644CA710CA6}.RelWithDebInfo|Win32.Build.0 = Release|Win32
		{143F9B67-C223-4F2D-B8F9-B644CA710CA6}.RelWithDebInfo|x64.ActiveCfg = Release|x64
		{143F9B67-C223-4F2D-B8F9-B644CA710CA6}.RelWithDebInfo|x64.Build.0 = Release|x64
		{143F9B67-C223-4F2D-B8F9-B644CA710CA6}.RelWithDebInfo|x64 platforms.ActiveCfg = Release|Win32
	EndGlobalSection
	GlobalSection(SolutionProperties) = preSolution
		HideSolutionNode = FALSE
	EndGlobalSection
	GlobalSection(NestedProjects) = preSolution
		{49E8D6C0-9FEC-4B29-95C5-FB9433B1A386} = {7E34B870-9804-482A-A9B8-6D374996AE15}
		{A62553F0-D0CC-4CB6-AAA9-C743DC507527} = {7E34B870-9804-482A-A9B8-6D374996AE15}
		{63E2397A-B4F8-46FD-A98D-89B32D569283} = {7E34B870-9804-482A-A9B8-6D374996AE15}
		{F142A341-5EE0-442D-A15F-98AE9B48DBAE} = {1D4444A1-EA9B-489F-99EB-B59FFE7467A5}
		{937CB5B7-AD6B-42EA-B530-0653C02B3EBE} = {158EC9F2-9BFC-4D4D-AD57-2B5CCE472452}
		{A6E3D774-C495-4A2B-AAC4-86E9CADEFE8C} = {158EC9F2-9BFC-4D4D-AD57-2B5CCE472452}
		{7E724A4B-2530-461F-AE75-D74F84900B3D} = {158EC9F2-9BFC-4D4D-AD57-2B5CCE472452}
		{D1C528B6-AA02-4D29-9D61-DC08E317A70D} = {1D4444A1-EA9B-489F-99EB-B59FFE7467A5}
		{2FC2D518-4656-4AB0-9C0B-FC420BA4AFCA} = {E406463A-6C4C-4A5A-8A0E-39D69BF8724C}
		{2BB102C3-0762-42EA-89EA-D920B9CDCD03} = {C516A0FA-FB36-461F-BDFF-A32B3B23D39C}
		{143F9B67-C223-4F2D-B8F9-B644CA710CA6} = {C516A0FA-FB36-461F-BDFF-A32B3B23D39C}
	EndGlobalSection
EndGlobal
